Microsoft Visual Studio Solution File, Format Version 11.00
# Visual Studio 2008

Project("{6509957F-A7FA-58A3-F8FA-058A2B8FD20D}") = "TAMUHACK2", "Assembly-CSharp.csproj", "{929EEB2D-B08F-27C0-2D61-01C183E65D13}"
EndProject
Project("{6509957F-A7FA-58A3-F8FA-058A2B8FD20D}") = "TAMUHACK2", "Assembly-CSharp-Editor.csproj", "{F3656C1E-CB58-98FB-3EEA-2705F11BDCA8}"
EndProject
Project("{6509957F-A7FA-58A3-F8FA-058A2B8FD20D}") = "TAMUHACK2", "Assembly-UnityScript.unityproj", "{B30C5E51-6384-264A-8B3D-C2DF71BB71D9}"
EndProject
Global
	GlobalSection(SolutionConfigurationPlatforms) = preSolution
		Debug|Any CPU = Debug|Any CPU
		Release|Any CPU = Release|Any CPU
	EndGlobalSection
	GlobalSection(ProjectConfigurationPlatforms) = postSolution
		{929EEB2D-B08F-27C0-2D61-01C183E65D13}.Debug|Any CPU.ActiveCfg = Debug|Any CPU
		{929EEB2D-B08F-27C0-2D61-01C183E65D13}.Debug|Any CPU.Build.0 = Debug|Any CPU
		{929EEB2D-B08F-27C0-2D61-01C183E65D13}.Release|Any CPU.ActiveCfg = Release|Any CPU
		{929EEB2D-B08F-27C0-2D61-01C183E65D13}.Release|Any CPU.Build.0 = Release|Any CPU
		{F3656C1E-CB58-98FB-3EEA-2705F11BDCA8}.Debug|Any CPU.ActiveCfg = Debug|Any CPU
		{F3656C1E-CB58-98FB-3EEA-2705F11BDCA8}.Debug|Any CPU.Build.0 = Debug|Any CPU
		{F3656C1E-CB58-98FB-3EEA-2705F11BDCA8}.Release|Any CPU.ActiveCfg = Release|Any CPU
		{F3656C1E-CB58-98FB-3EEA-2705F11BDCA8}.Release|Any CPU.Build.0 = Release|Any CPU
		{B30C5E51-6384-264A-8B3D-C2DF71BB71D9}.Debug|Any CPU.ActiveCfg = Debug|Any CPU
		{B30C5E51-6384-264A-8B3D-C2DF71BB71D9}.Debug|Any CPU.Build.0 = Debug|Any CPU
		{B30C5E51-6384-264A-8B3D-C2DF71BB71D9}.Release|Any CPU.ActiveCfg = Release|Any CPU
		{B30C5E51-6384-264A-8B3D-C2DF71BB71D9}.Release|Any CPU.Build.0 = Release|Any CPU
	EndGlobalSection
	GlobalSection(SolutionProperties) = preSolution
		HideSolutionNode = FALSE
	EndGlobalSection
																																																																																																																														GlobalSection(MonoDevelopProperties) = preSolution
		StartupItem = Assembly-CSharp.csproj
		Policies = $0
		$0.TextStylePolicy = $1
		$1.inheritsSet = null
		$1.scope = text/x-csharp
		$0.CSharpFormattingPolicy = $2
		$2.inheritsSet = Mono
		$2.inheritsScope = text/x-csharp
		$2.scope = text/x-csharp
		$0.TextStylePolicy = $3
		$3.FileWidth = 120
		$3.TabWidth = 4
		$3.EolMarker = Unix
		$3.inheritsSet = Mono
		$3.inheritsScope = text/plain
		$3.scope = text/plain
	EndGlobalSection

EndGlobal
